# THIS IS AN AUTOGENERATED FILE. DO NOT EDIT THIS FILE DIRECTLY.
# yarn lockfile v1


"@types/change-case@^2.3.1":
  version "2.3.1"
  resolved "https://registry.yarnpkg.com/@types/change-case/-/change-case-2.3.1.tgz#dbaf4efb63ad8586ab8819179a790904ccb6a837"
  dependencies:
    change-case "*"

"@types/fs-extra@^5.0.4":
  version "5.0.4"
  resolved "https://registry.yarnpkg.com/@types/fs-extra/-/fs-extra-5.0.4.tgz#b971134d162cc0497d221adde3dbb67502225599"
  dependencies:
    "@types/node" "*"

"@types/inquirer@^0.0.43":
  version "0.0.43"
  resolved "https://registry.yarnpkg.com/@types/inquirer/-/inquirer-0.0.43.tgz#1eb0bbb4648e6cc568bd396c1e989f620ad01273"
  dependencies:
    "@types/rx" "*"
    "@types/through" "*"

"@types/node@*", "@types/node@^10.9.4":
  version "10.9.4"
  resolved "https://registry.yarnpkg.com/@types/node/-/node-10.9.4.tgz#0f4cb2dc7c1de6096055357f70179043c33e9897"

"@types/rx-core-binding@*":
  version "4.0.4"
  resolved "https://registry.yarnpkg.com/@types/rx-core-binding/-/rx-core-binding-4.0.4.tgz#d969d32f15a62b89e2862c17b3ee78fe329818d3"
  dependencies:
    "@types/rx-core" "*"

"@types/rx-core@*":
  version "4.0.3"
  resolved "https://registry.yarnpkg.com/@types/rx-core/-/rx-core-4.0.3.tgz#0b3354b1238cedbe2b74f6326f139dbc7a591d60"

"@types/rx-lite-aggregates@*":
  version "4.0.3"
  resolved "https://registry.yarnpkg.com/@types/rx-lite-aggregates/-/rx-lite-aggregates-4.0.3.tgz#6efb2b7f3d5f07183a1cb2bd4b1371d7073384c2"
  dependencies:
    "@types/rx-lite" "*"

"@types/rx-lite-async@*":
  version "4.0.2"
  resolved "https://registry.yarnpkg.com/@types/rx-lite-async/-/rx-lite-async-4.0.2.tgz#27fbf0caeff029f41e2d2aae638b05e91ceb600c"
  dependencies:
    "@types/rx-lite" "*"

"@types/rx-lite-backpressure@*":
  version "4.0.3"
  resolved "https://registry.yarnpkg.com/@types/rx-lite-backpressure/-/rx-lite-backpressure-4.0.3.tgz#05abb19bdf87cc740196c355e5d0b37bb50b5d56"
  dependencies:
    "@types/rx-lite" "*"

"@types/rx-lite-coincidence@*":
  version "4.0.3"
  resolved "https://registry.yarnpkg.com/@types/rx-lite-coincidence/-/rx-lite-coincidence-4.0.3.tgz#80bd69acc4054a15cdc1638e2dc8843498cd85c0"
  dependencies:
    "@types/rx-lite" "*"

"@types/rx-lite-experimental@*":
  version "4.0.1"
  resolved "https://registry.yarnpkg.com/@types/rx-lite-experimental/-/rx-lite-experimental-4.0.1.tgz#c532f5cbdf3f2c15da16ded8930d1b2984023cbd"
  dependencies:
    "@types/rx-lite" "*"

"@types/rx-lite-joinpatterns@*":
  version "4.0.1"
  resolved "https://registry.yarnpkg.com/@types/rx-lite-joinpatterns/-/rx-lite-joinpatterns-4.0.1.tgz#f70fe370518a8432f29158cc92ffb56b4e4afc3e"
  dependencies:
    "@types/rx-lite" "*"

"@types/rx-lite-testing@*":
  version "4.0.1"
  resolved "https://registry.yarnpkg.com/@types/rx-lite-testing/-/rx-lite-testing-4.0.1.tgz#21b19d11f4dfd6ffef5a9d1648e9c8879bfe21e9"
  dependencies:
    "@types/rx-lite-virtualtime" "*"

"@types/rx-lite-time@*":
  version "4.0.3"
  resolved "https://registry.yarnpkg.com/@types/rx-lite-time/-/rx-lite-time-4.0.3.tgz#0eda65474570237598f3448b845d2696f2dbb1c4"
  dependencies:
    "@types/rx-lite" "*"

"@types/rx-lite-virtualtime@*":
  version "4.0.3"
  resolved "https://registry.yarnpkg.com/@types/rx-lite-virtualtime/-/rx-lite-virtualtime-4.0.3.tgz#4b30cacd0fe2e53af29f04f7438584c7d3959537"
  dependencies:
    "@types/rx-lite" "*"

"@types/rx-lite@*":
  version "4.0.5"
  resolved "https://registry.yarnpkg.com/@types/rx-lite/-/rx-lite-4.0.5.tgz#b3581525dff69423798daa9a0d33c1e66a5e8c4c"
  dependencies:
    "@types/rx-core" "*"
    "@types/rx-core-binding" "*"

"@types/rx@*":
  version "4.1.1"
  resolved "https://registry.yarnpkg.com/@types/rx/-/rx-4.1.1.tgz#598fc94a56baed975f194574e0f572fd8e627a48"
  dependencies:
    "@types/rx-core" "*"
    "@types/rx-core-binding" "*"
    "@types/rx-lite" "*"
    "@types/rx-lite-aggregates" "*"
    "@types/rx-lite-async" "*"
    "@types/rx-lite-backpressure" "*"
    "@types/rx-lite-coincidence" "*"
    "@types/rx-lite-experimental" "*"
    "@types/rx-lite-joinpatterns" "*"
    "@types/rx-lite-testing" "*"
    "@types/rx-lite-time" "*"
    "@types/rx-lite-virtualtime" "*"

"@types/through@*":
  version "0.0.29"
  resolved "https://registry.yarnpkg.com/@types/through/-/through-0.0.29.tgz#72943aac922e179339c651fa34a4428a4d722f93"
  dependencies:
    "@types/node" "*"

ansi-escapes@^3.0.0:
  version "3.1.0"
  resolved "https://registry.yarnpkg.com/ansi-escapes/-/ansi-escapes-3.1.0.tgz#f73207bb81207d75fd6c83f125af26eea378ca30"

ansi-regex@^3.0.0:
  version "3.0.0"
  resolved "https://registry.yarnpkg.com/ansi-regex/-/ansi-regex-3.0.0.tgz#ed0317c322064f79466c02966bddb605ab37d998"

ansi-styles@^3.2.1:
  version "3.2.1"
  resolved "https://registry.yarnpkg.com/ansi-styles/-/ansi-styles-3.2.1.tgz#41fbb20243e50b12be0f04b8dedbf07520ce841d"
  dependencies:
    color-convert "^1.9.0"

arrify@^1.0.0:
  version "1.0.1"
  resolved "https://registry.yarnpkg.com/arrify/-/arrify-1.0.1.tgz#898508da2226f380df904728456849c1501a4b0d"

buffer-from@^1.0.0, buffer-from@^1.1.0:
  version "1.1.1"
  resolved "https://registry.yarnpkg.com/buffer-from/-/buffer-from-1.1.1.tgz#32713bc028f75c02fdb710d7c7bcec1f2c6070ef"

camel-case@^3.0.0:
  version "3.0.0"
  resolved "https://registry.yarnpkg.com/camel-case/-/camel-case-3.0.0.tgz#ca3c3688a4e9cf3a4cda777dc4dcbc713249cf73"
  dependencies:
    no-case "^2.2.0"
    upper-case "^1.1.1"

chalk@^2.0.0:
  version "2.4.1"
  resolved "https://registry.yarnpkg.com/chalk/-/chalk-2.4.1.tgz#18c49ab16a037b6eb0152cc83e3471338215b66e"
  dependencies:
    ansi-styles "^3.2.1"
    escape-string-regexp "^1.0.5"
    supports-color "^5.3.0"

change-case@*, change-case@^3.0.2:
  version "3.0.2"
  resolved "https://registry.yarnpkg.com/change-case/-/change-case-3.0.2.tgz#fd48746cce02f03f0a672577d1d3a8dc2eceb037"
  dependencies:
    camel-case "^3.0.0"
    constant-case "^2.0.0"
    dot-case "^2.1.0"
    header-case "^1.0.0"
    is-lower-case "^1.1.0"
    is-upper-case "^1.1.0"
    lower-case "^1.1.1"
    lower-case-first "^1.0.0"
    no-case "^2.3.2"
    param-case "^2.1.0"
    pascal-case "^2.0.0"
    path-case "^2.1.0"
    sentence-case "^2.1.0"
    snake-case "^2.1.0"
    swap-case "^1.1.0"
    title-case "^2.1.0"
    upper-case "^1.1.1"
    upper-case-first "^1.1.0"

chardet@^0.7.0:
  version "0.7.0"
  resolved "https://registry.yarnpkg.com/chardet/-/chardet-0.7.0.tgz#90094849f0937f2eedc2425d0d28a9e5f0cbad9e"

cli-cursor@^2.1.0:
  version "2.1.0"
  resolved "https://registry.yarnpkg.com/cli-cursor/-/cli-cursor-2.1.0.tgz#b35dac376479facc3e94747d41d0d0f5238ffcb5"
  dependencies:
    restore-cursor "^2.0.0"

cli-width@^2.0.0:
  version "2.2.0"
  resolved "https://registry.yarnpkg.com/cli-width/-/cli-width-2.2.0.tgz#ff19ede8a9a5e579324147b0c11f0fbcbabed639"

color-convert@^1.9.0:
  version "1.9.3"
  resolved "https://registry.yarnpkg.com/color-convert/-/color-convert-1.9.3.tgz#bb71850690e1f136567de629d2d5471deda4c1e8"
  dependencies:
    color-name "1.1.3"

color-name@1.1.3:
  version "1.1.3"
  resolved "https://registry.yarnpkg.com/color-name/-/color-name-1.1.3.tgz#a7d0558bd89c42f795dd42328f740831ca53bc25"

constant-case@^2.0.0:
  version "2.0.0"
  resolved "https://registry.yarnpkg.com/constant-case/-/constant-case-2.0.0.tgz#4175764d389d3fa9c8ecd29186ed6005243b6a46"
  dependencies:
    snake-case "^2.1.0"
    upper-case "^1.1.1"

diff@^3.1.0:
  version "3.5.0"
  resolved "https://registry.yarnpkg.com/diff/-/diff-3.5.0.tgz#800c0dd1e0a8bfbc95835c202ad220fe317e5a12"

dot-case@^2.1.0:
  version "2.1.1"
  resolved "https://registry.yarnpkg.com/dot-case/-/dot-case-2.1.1.tgz#34dcf37f50a8e93c2b3bca8bb7fb9155c7da3bee"
  dependencies:
    no-case "^2.2.0"

escape-string-regexp@^1.0.5:
  version "1.0.5"
  resolved "https://registry.yarnpkg.com/escape-string-regexp/-/escape-string-regexp-1.0.5.tgz#1b61c0562190a8dff6ae3bb2cf0200ca130b86d4"

external-editor@^3.0.0:
  version "3.0.3"
  resolved "https://registry.yarnpkg.com/external-editor/-/external-editor-3.0.3.tgz#5866db29a97826dbe4bf3afd24070ead9ea43a27"
  dependencies:
    chardet "^0.7.0"
    iconv-lite "^0.4.24"
    tmp "^0.0.33"

figures@^2.0.0:
  version "2.0.0"
  resolved "https://registry.yarnpkg.com/figures/-/figures-2.0.0.tgz#3ab1a2d2a62c8bfb431a0c94cb797a2fce27c962"
  dependencies:
    escape-string-regexp "^1.0.5"

fs-extra@^7.0.0:
  version "7.0.0"
  resolved "https://registry.yarnpkg.com/fs-extra/-/fs-extra-7.0.0.tgz#8cc3f47ce07ef7b3593a11b9fb245f7e34c041d6"
  dependencies:
    graceful-fs "^4.1.2"
    jsonfile "^4.0.0"
    universalify "^0.1.0"

graceful-fs@^4.1.2, graceful-fs@^4.1.6:
  version "4.1.11"
  resolved "https://registry.yarnpkg.com/graceful-fs/-/graceful-fs-4.1.11.tgz#0e8bdfe4d1ddb8854d64e04ea7c00e2a026e5658"

has-flag@^3.0.0:
  version "3.0.0"
  resolved "https://registry.yarnpkg.com/has-flag/-/has-flag-3.0.0.tgz#b5d454dc2199ae225699f3467e5a07f3b955bafd"

header-case@^1.0.0:
  version "1.0.1"
  resolved "https://registry.yarnpkg.com/header-case/-/header-case-1.0.1.tgz#9535973197c144b09613cd65d317ef19963bd02d"
  dependencies:
    no-case "^2.2.0"
    upper-case "^1.1.3"

iconv-lite@^0.4.24:
  version "0.4.24"
  resolved "https://registry.yarnpkg.com/iconv-lite/-/iconv-lite-0.4.24.tgz#2022b4b25fbddc21d2f524974a474aafe733908b"
  dependencies:
    safer-buffer ">= 2.1.2 < 3"

inquirer@^6.2.0:
  version "6.2.0"
  resolved "https://registry.yarnpkg.com/inquirer/-/inquirer-6.2.0.tgz#51adcd776f661369dc1e894859c2560a224abdd8"
  dependencies:
    ansi-escapes "^3.0.0"
    chalk "^2.0.0"
    cli-cursor "^2.1.0"
    cli-width "^2.0.0"
    external-editor "^3.0.0"
    figures "^2.0.0"
    lodash "^4.17.10"
    mute-stream "0.0.7"
    run-async "^2.2.0"
    rxjs "^6.1.0"
    string-width "^2.1.0"
    strip-ansi "^4.0.0"
    through "^2.3.6"

is-fullwidth-code-point@^2.0.0:
  version "2.0.0"
  resolved "https://registry.yarnpkg.com/is-fullwidth-code-point/-/is-fullwidth-code-point-2.0.0.tgz#a3b30a5c4f199183167aaab93beefae3ddfb654f"

is-lower-case@^1.1.0:
  version "1.1.3"
  resolved "https://registry.yarnpkg.com/is-lower-case/-/is-lower-case-1.1.3.tgz#7e147be4768dc466db3bfb21cc60b31e6ad69393"
  dependencies:
    lower-case "^1.1.0"

is-promise@^2.1.0:
  version "2.1.0"
  resolved "https://registry.yarnpkg.com/is-promise/-/is-promise-2.1.0.tgz#79a2a9ece7f096e80f36d2b2f3bc16c1ff4bf3fa"

is-upper-case@^1.1.0:
  version "1.1.2"
  resolved "https://registry.yarnpkg.com/is-upper-case/-/is-upper-case-1.1.2.tgz#8d0b1fa7e7933a1e58483600ec7d9661cbaf756f"
  dependencies:
    upper-case "^1.1.0"

jsonfile@^4.0.0:
  version "4.0.0"
  resolved "https://registry.yarnpkg.com/jsonfile/-/jsonfile-4.0.0.tgz#8771aae0799b64076b76640fca058f9c10e33ecb"
  optionalDependencies:
    graceful-fs "^4.1.6"

lodash@^4.17.10:
  version "4.17.10"
  resolved "https://registry.yarnpkg.com/lodash/-/lodash-4.17.10.tgz#1b7793cf7259ea38fb3661d4d38b3260af8ae4e7"

lower-case-first@^1.0.0:
  version "1.0.2"
  resolved "https://registry.yarnpkg.com/lower-case-first/-/lower-case-first-1.0.2.tgz#e5da7c26f29a7073be02d52bac9980e5922adfa1"
  dependencies:
    lower-case "^1.1.2"

lower-case@^1.1.0, lower-case@^1.1.1, lower-case@^1.1.2:
  version "1.1.4"
  resolved "https://registry.yarnpkg.com/lower-case/-/lower-case-1.1.4.tgz#9a2cabd1b9e8e0ae993a4bf7d5875c39c42e8eac"

make-error@^1.1.1:
  version "1.3.5"
  resolved "https://registry.yarnpkg.com/make-error/-/make-error-1.3.5.tgz#efe4e81f6db28cadd605c70f29c831b58ef776c8"

mimic-fn@^1.0.0:
  version "1.2.0"
  resolved "https://registry.yarnpkg.com/mimic-fn/-/mimic-fn-1.2.0.tgz#820c86a39334640e99516928bd03fca88057d022"

minimist@0.0.8:
  version "0.0.8"
  resolved "https://registry.yarnpkg.com/minimist/-/minimist-0.0.8.tgz#857fcabfc3397d2625b8228262e86aa7a011b05d"

minimist@^1.2.0:
  version "1.2.0"
  resolved "https://registry.yarnpkg.com/minimist/-/minimist-1.2.0.tgz#a35008b20f41383eec1fb914f4cd5df79a264284"

mkdirp@^0.5.1:
  version "0.5.1"
  resolved "http://registry.npmjs.org/mkdirp/-/mkdirp-0.5.1.tgz#30057438eac6cf7f8c4767f38648d6697d75c903"
  dependencies:
    minimist "0.0.8"

mute-stream@0.0.7:
  version "0.0.7"
  resolved "https://registry.yarnpkg.com/mute-stream/-/mute-stream-0.0.7.tgz#3075ce93bc21b8fab43e1bc4da7e8115ed1e7bab"

no-case@^2.2.0, no-case@^2.3.2:
  version "2.3.2"
  resolved "https://registry.yarnpkg.com/no-case/-/no-case-2.3.2.tgz#60b813396be39b3f1288a4c1ed5d1e7d28b464ac"
  dependencies:
    lower-case "^1.1.1"

onetime@^2.0.0:
  version "2.0.1"
  resolved "https://registry.yarnpkg.com/onetime/-/onetime-2.0.1.tgz#067428230fd67443b2794b22bba528b6867962d4"
  dependencies:
    mimic-fn "^1.0.0"

os-tmpdir@~1.0.2:
  version "1.0.2"
  resolved "https://registry.yarnpkg.com/os-tmpdir/-/os-tmpdir-1.0.2.tgz#bbe67406c79aa85c5cfec766fe5734555dfa1274"

param-case@^2.1.0:
  version "2.1.1"
  resolved "https://registry.yarnpkg.com/param-case/-/param-case-2.1.1.tgz#df94fd8cf6531ecf75e6bef9a0858fbc72be2247"
  dependencies:
    no-case "^2.2.0"

pascal-case@^2.0.0:
  version "2.0.1"
  resolved "https://registry.yarnpkg.com/pascal-case/-/pascal-case-2.0.1.tgz#2d578d3455f660da65eca18ef95b4e0de912761e"
  dependencies:
    camel-case "^3.0.0"
    upper-case-first "^1.1.0"

path-case@^2.1.0:
  version "2.1.1"
  resolved "https://registry.yarnpkg.com/path-case/-/path-case-2.1.1.tgz#94b8037c372d3fe2906e465bb45e25d226e8eea5"
  dependencies:
    no-case "^2.2.0"

restore-cursor@^2.0.0:
  version "2.0.0"
  resolved "https://registry.yarnpkg.com/restore-cursor/-/restore-cursor-2.0.0.tgz#9f7ee287f82fd326d4fd162923d62129eee0dfaf"
  dependencies:
    onetime "^2.0.0"
    signal-exit "^3.0.2"

run-async@^2.2.0:
  version "2.3.0"
  resolved "https://registry.yarnpkg.com/run-async/-/run-async-2.3.0.tgz#0371ab4ae0bdd720d4166d7dfda64ff7a445a6c0"
  dependencies:
    is-promise "^2.1.0"

rxjs@^6.1.0:
  version "6.3.0"
  resolved "https://registry.yarnpkg.com/rxjs/-/rxjs-6.3.0.tgz#e55b05ad4bdf351db4b45756638dfa368260a8a3"
  dependencies:
    tslib "^1.9.0"

"safer-buffer@>= 2.1.2 < 3":
  version "2.1.2"
  resolved "https://registry.yarnpkg.com/safer-buffer/-/safer-buffer-2.1.2.tgz#44fa161b0187b9549dd84bb91802f9bd8385cd6a"

sentence-case@^2.1.0:
  version "2.1.1"
  resolved "https://registry.yarnpkg.com/sentence-case/-/sentence-case-2.1.1.tgz#1f6e2dda39c168bf92d13f86d4a918933f667ed4"
  dependencies:
    no-case "^2.2.0"
    upper-case-first "^1.1.2"

signal-exit@^3.0.2:
  version "3.0.2"
  resolved "https://registry.yarnpkg.com/signal-exit/-/signal-exit-3.0.2.tgz#b5fdc08f1287ea1178628e415e25132b73646c6d"

snake-case@^2.1.0:
  version "2.1.0"
  resolved "https://registry.yarnpkg.com/snake-case/-/snake-case-2.1.0.tgz#41bdb1b73f30ec66a04d4e2cad1b76387d4d6d9f"
  dependencies:
    no-case "^2.2.0"

source-map-support@^0.5.6:
  version "0.5.9"
  resolved "https://registry.yarnpkg.com/source-map-support/-/source-map-support-0.5.9.tgz#41bc953b2534267ea2d605bccfa7bfa3111ced5f"
  dependencies:
    buffer-from "^1.0.0"
    source-map "^0.6.0"

source-map@^0.6.0:
  version "0.6.1"
  resolved "https://registry.yarnpkg.com/source-map/-/source-map-0.6.1.tgz#74722af32e9614e9c287a8d0bbde48b5e2f1a263"

string-width@^2.1.0:
  version "2.1.1"
  resolved "https://registry.yarnpkg.com/string-width/-/string-width-2.1.1.tgz#ab93f27a8dc13d28cac815c462143a6d9012ae9e"
  dependencies:
    is-fullwidth-code-point "^2.0.0"
    strip-ansi "^4.0.0"

strip-ansi@^4.0.0:
  version "4.0.0"
  resolved "https://registry.yarnpkg.com/strip-ansi/-/strip-ansi-4.0.0.tgz#a8479022eb1ac368a871389b635262c505ee368f"
  dependencies:
    ansi-regex "^3.0.0"

supports-color@^5.3.0:
  version "5.5.0"
  resolved "https://registry.yarnpkg.com/supports-color/-/supports-color-5.5.0.tgz#e2e69a44ac8772f78a1ec0b35b689df6530efc8f"
  dependencies:
    has-flag "^3.0.0"

swap-case@^1.1.0:
  version "1.1.2"
  resolved "https://registry.yarnpkg.com/swap-case/-/swap-case-1.1.2.tgz#c39203a4587385fad3c850a0bd1bcafa081974e3"
  dependencies:
    lower-case "^1.1.1"
    upper-case "^1.1.1"

through@^2.3.6:
  version "2.3.8"
  resolved "https://registry.yarnpkg.com/through/-/through-2.3.8.tgz#0dd4c9ffaabc357960b1b724115d7e0e86a2e1f5"

title-case@^2.1.0:
  version "2.1.1"
  resolved "https://registry.yarnpkg.com/title-case/-/title-case-2.1.1.tgz#3e127216da58d2bc5becf137ab91dae3a7cd8faa"
  dependencies:
    no-case "^2.2.0"
    upper-case "^1.0.3"

tmp@^0.0.33:
  version "0.0.33"
  resolved "https://registry.yarnpkg.com/tmp/-/tmp-0.0.33.tgz#6d34335889768d21b2bcda0aa277ced3b1bfadf9"
  dependencies:
    os-tmpdir "~1.0.2"

ts-node@^7.0.1:
  version "7.0.1"
  resolved "https://registry.yarnpkg.com/ts-node/-/ts-node-7.0.1.tgz#9562dc2d1e6d248d24bc55f773e3f614337d9baf"
  dependencies:
    arrify "^1.0.0"
    buffer-from "^1.1.0"
    diff "^3.1.0"
    make-error "^1.1.1"
    minimist "^1.2.0"
    mkdirp "^0.5.1"
    source-map-support "^0.5.6"
    yn "^2.0.0"

tslib@^1.9.0:
  version "1.9.3"
  resolved "https://registry.yarnpkg.com/tslib/-/tslib-1.9.3.tgz#d7e4dd79245d85428c4d7e4822a79917954ca286"

typescript@^3.0.3:
  version "3.0.3"
  resolved "https://registry.yarnpkg.com/typescript/-/typescript-3.0.3.tgz#4853b3e275ecdaa27f78fda46dc273a7eb7fc1c8"

universalify@^0.1.0:
  version "0.1.2"
  resolved "https://registry.yarnpkg.com/universalify/-/universalify-0.1.2.tgz#b646f69be3942dabcecc9d6639c80dc105efaa66"

upper-case-first@^1.1.0, upper-case-first@^1.1.2:
  version "1.1.2"
  resolved "https://registry.yarnpkg.com/upper-case-first/-/upper-case-first-1.1.2.tgz#5d79bedcff14419518fd2edb0a0507c9b6859115"
  dependencies:
    upper-case "^1.1.1"

upper-case@^1.0.3, upper-case@^1.1.0, upper-case@^1.1.1, upper-case@^1.1.3:
  version "1.1.3"
  resolved "https://registry.yarnpkg.com/upper-case/-/upper-case-1.1.3.tgz#f6b4501c2ec4cdd26ba78be7222961de77621598"

yn@^2.0.0:
  version "2.0.0"
  resolved "https://registry.yarnpkg.com/yn/-/yn-2.0.0.tgz#e5adabc8acf408f6385fc76495684c88e6af689a"
